PODS:
  - Alamofire (3.2.1)
  - AWSCore (2.3.5)
  - AWSS3 (2.3.5):
    - AWSCore (= 2.3.5)
  - CTAssetsPickerController (3.3.1):
    - PureLayout (~> 3.0.0)
  - ELCImagePickerController (0.2.0)
  - PureLayout (3.0.1)
  - SnapKit (0.19.1)

DEPENDENCIES:
  - Alamofire
  - AWSCore
  - AWSS3
  - CTAssetsPickerController (~> 3.3.0)
  - ELCImagePickerController
  - SnapKit

SPEC CHECKSUMS:
  Alamofire: f11d8624a05f5d39e0c99309b3e600a3ba64298a
  AWSCore: 8022eda5778fd7b87c9182709d8a27388e1a31fb
  AWSS3: 967f4ad3c91f1ed2c9dca09a9dcf905111232a87
  CTAssetsPickerController: b1d1d50ab87cf6b8b13531de5f4530482e7e53ed
  ELCImagePickerController: b1b7084434a7d49f2cfc916bde1f3ba353d38de9
  PureLayout: f35f5384c9c4e4479df041dbe33ad7577b71ddfb
  SnapKit: eff58d6e3451bf2f482db2eccf86aecf371dc62d

COCOAPODS: 0.39.0
